
Microsoft Visual Studio Solution File, Format Version 12.00
# Visual Studio 15
Project("{FAE04EC0-301F-11D3-BF4B-00C04F79EFBC}") = "2018_8_20_PhotonServerClientDev", "Assembly-CSharp.csproj", "{60A326C6-2A0A-9EFA-BC1E-3BEDDE059C0F}"
EndProject
Global
	GlobalSection(SolutionConfigurationPlatforms) = preSolution
		Debug|Any CPU = Debug|Any CPU
		Release|Any CPU = Release|Any CPU
	EndGlobalSection
	GlobalSection(ProjectConfigurationPlatforms) = postSolution
		{60A326C6-2A0A-9EFA-BC1E-3BEDDE059C0F}.Debug|Any CPU.ActiveCfg = Debug|Any CPU
		{60A326C6-2A0A-9EFA-BC1E-3BEDDE059C0F}.Debug|Any CPU.Build.0 = Debug|Any CPU
		{60A326C6-2A0A-9EFA-BC1E-3BEDDE059C0F}.Release|Any CPU.ActiveCfg = Release|Any CPU
		{60A326C6-2A0A-9EFA-BC1E-3BEDDE059C0F}.Release|Any CPU.Build.0 = Release|Any CPU
	EndGlobalSection
	GlobalSection(SolutionProperties) = preSolution
		HideSolutionNode = FALSE
	EndGlobalSection
EndGlobal
