
Microsoft Visual Studio Solution File, Format Version 11.00
# Visual Studio 2010
Project("{FAE04EC0-301F-11D3-BF4B-00C04F79EFBC}") = "Assembly-CSharp", "Assembly-CSharp.csproj", "{6993E5C7-3A7E-8419-8EC7-C4C973B4CB6D}"
EndProject
Project("{FAE04EC0-301F-11D3-BF4B-00C04F79EFBC}") = "Assembly-CSharp-Editor", "Assembly-CSharp-Editor.csproj", "{2C44275B-7C9F-9258-57AC-E51B34D6B340}"
EndProject
Global
	GlobalSection(SolutionConfigurationPlatforms) = preSolution
		Debug|Any CPU = Debug|Any CPU
		Release|Any CPU = Release|Any CPU
	EndGlobalSection
	GlobalSection(ProjectConfigurationPlatforms) = postSolution
		{6993E5C7-3A7E-8419-8EC7-C4C973B4CB6D}.Debug|Any CPU.ActiveCfg = Debug|Any CPU
		{6993E5C7-3A7E-8419-8EC7-C4C973B4CB6D}.Debug|Any CPU.Build.0 = Debug|Any CPU
		{6993E5C7-3A7E-8419-8EC7-C4C973B4CB6D}.Release|Any CPU.ActiveCfg = Release|Any CPU
		{6993E5C7-3A7E-8419-8EC7-C4C973B4CB6D}.Release|Any CPU.Build.0 = Release|Any CPU
		{2C44275B-7C9F-9258-57AC-E51B34D6B340}.Debug|Any CPU.ActiveCfg = Debug|Any CPU
		{2C44275B-7C9F-9258-57AC-E51B34D6B340}.Debug|Any CPU.Build.0 = Debug|Any CPU
		{2C44275B-7C9F-9258-57AC-E51B34D6B340}.Release|Any CPU.ActiveCfg = Release|Any CPU
		{2C44275B-7C9F-9258-57AC-E51B34D6B340}.Release|Any CPU.Build.0 = Release|Any CPU
	EndGlobalSection
	GlobalSection(SolutionProperties) = preSolution
		HideSolutionNode = FALSE
	EndGlobalSection
	GlobalSection(MonoDevelopProperties) = preSolution
		StartupItem = Assembly-CSharp.csproj
	EndGlobalSection
EndGlobal
